
Microsoft Visual Studio Solution File, Format Version 12.00
# Visual Studio 15
VisualStudioVersion = 15.0.26730.12
MinimumVisualStudioVersion = 10.0.40219.1
Project("{FAE04EC0-301F-11D3-BF4B-00C04F79EFBC}") = "PontoWebIntegracaoExterna", "PontoWebIntegracaoExterna.csproj", "{843D44AB-C367-4137-9F78-0B78F538CB24}"
EndProject
Global
	GlobalSection(SolutionConfigurationPlatforms) = preSolution
		Debug|Any CPU = Debug|Any CPU
		Release|Any CPU = Release|Any CPU
	EndGlobalSection
	GlobalSection(ProjectConfigurationPlatforms) = postSolution
		{843D44AB-C367-4137-9F78-0B78F538CB24}.Debug|Any CPU.ActiveCfg = Debug|Any CPU
		{843D44AB-C367-4137-9F78-0B78F538CB24}.Debug|Any CPU.Build.0 = Debug|Any CPU
		{843D44AB-C367-4137-9F78-0B78F538CB24}.Release|Any CPU.ActiveCfg = Release|Any CPU
		{843D44AB-C367-4137-9F78-0B78F538CB24}.Release|Any CPU.Build.0 = Release|Any CPU
	EndGlobalSection
	GlobalSection(SolutionProperties) = preSolution
		HideSolutionNode = FALSE
	EndGlobalSection
	GlobalSection(ExtensibilityGlobals) = postSolution
		SolutionGuid = {0E09E59C-56A2-4273-999A-32D0548241AE}
	EndGlobalSection
EndGlobal
